
Microsoft Visual Studio Solution File, Format Version 12.00
# Visual Studio Version 16
VisualStudioVersion = 16.0.30204.135
MinimumVisualStudioVersion = 10.0.40219.1
Project("{FAE04EC0-301F-11D3-BF4B-00C04F79EFBC}") = "CompraEnRestaurante", "CompraEnRestaurante\CompraEnRestaurante.csproj", "{C4E62491-883B-43F5-85C5-B8688F3F66D9}"
EndProject
Global
	GlobalSection(SolutionConfigurationPlatforms) = preSolution
		Debug|Any CPU = Debug|Any CPU
		Release|Any CPU = Release|Any CPU
	EndGlobalSection
	GlobalSection(ProjectConfigurationPlatforms) = postSolution
		{C4E62491-883B-43F5-85C5-B8688F3F66D9}.Debug|Any CPU.ActiveCfg = Debug|Any CPU
		{C4E62491-883B-43F5-85C5-B8688F3F66D9}.Debug|Any CPU.Build.0 = Debug|Any CPU
		{C4E62491-883B-43F5-85C5-B8688F3F66D9}.Release|Any CPU.ActiveCfg = Release|Any CPU
		{C4E62491-883B-43F5-85C5-B8688F3F66D9}.Release|Any CPU.Build.0 = Release|Any CPU
	EndGlobalSection
	GlobalSection(SolutionProperties) = preSolution
		HideSolutionNode = FALSE
	EndGlobalSection
	GlobalSection(ExtensibilityGlobals) = postSolution
		SolutionGuid = {85199C0E-EDB7-4766-8ED6-A0644BC110A9}
	EndGlobalSection
EndGlobal
