
Microsoft Visual Studio Solution File, Format Version 12.00
# Visual Studio Version 16
VisualStudioVersion = 16.0.30204.135
MinimumVisualStudioVersion = 10.0.40219.1
Project("{FAE04EC0-301F-11D3-BF4B-00C04F79EFBC}") = "NumeroPrimo", "NumeroPrimo\NumeroPrimo.csproj", "{8252A9AC-9991-4AF5-AE51-BF3BABD87EDB}"
EndProject
Global
	GlobalSection(SolutionConfigurationPlatforms) = preSolution
		Debug|Any CPU = Debug|Any CPU
		Release|Any CPU = Release|Any CPU
	EndGlobalSection
	GlobalSection(ProjectConfigurationPlatforms) = postSolution
		{8252A9AC-9991-4AF5-AE51-BF3BABD87EDB}.Debug|Any CPU.ActiveCfg = Debug|Any CPU
		{8252A9AC-9991-4AF5-AE51-BF3BABD87EDB}.Debug|Any CPU.Build.0 = Debug|Any CPU
		{8252A9AC-9991-4AF5-AE51-BF3BABD87EDB}.Release|Any CPU.ActiveCfg = Release|Any CPU
		{8252A9AC-9991-4AF5-AE51-BF3BABD87EDB}.Release|Any CPU.Build.0 = Release|Any CPU
	EndGlobalSection
	GlobalSection(SolutionProperties) = preSolution
		HideSolutionNode = FALSE
	EndGlobalSection
	GlobalSection(ExtensibilityGlobals) = postSolution
		SolutionGuid = {44408347-2829-42A0-AC91-E43FADEC3357}
	EndGlobalSection
EndGlobal
