
Microsoft Visual Studio Solution File, Format Version 12.00
# Visual Studio Version 16
VisualStudioVersion = 16.0.30204.135
MinimumVisualStudioVersion = 10.0.40219.1
Project("{FAE04EC0-301F-11D3-BF4B-00C04F79EFBC}") = "Arreglo", "Arreglo\Arreglo.csproj", "{6ACF0064-3398-4DF0-88D5-1DB7470F4202}"
EndProject
Global
	GlobalSection(SolutionConfigurationPlatforms) = preSolution
		Debug|Any CPU = Debug|Any CPU
		Release|Any CPU = Release|Any CPU
	EndGlobalSection
	GlobalSection(ProjectConfigurationPlatforms) = postSolution
		{6ACF0064-3398-4DF0-88D5-1DB7470F4202}.Debug|Any CPU.ActiveCfg = Debug|Any CPU
		{6ACF0064-3398-4DF0-88D5-1DB7470F4202}.Debug|Any CPU.Build.0 = Debug|Any CPU
		{6ACF0064-3398-4DF0-88D5-1DB7470F4202}.Release|Any CPU.ActiveCfg = Release|Any CPU
		{6ACF0064-3398-4DF0-88D5-1DB7470F4202}.Release|Any CPU.Build.0 = Release|Any CPU
	EndGlobalSection
	GlobalSection(SolutionProperties) = preSolution
		HideSolutionNode = FALSE
	EndGlobalSection
	GlobalSection(ExtensibilityGlobals) = postSolution
		SolutionGuid = {85075B5E-B4C6-40B1-99AE-562C92E55E97}
	EndGlobalSection
EndGlobal
