
Microsoft Visual Studio Solution File, Format Version 12.00
# Visual Studio Version 16
VisualStudioVersion = 16.0.30204.135
MinimumVisualStudioVersion = 10.0.40219.1
Project("{FAE04EC0-301F-11D3-BF4B-00C04F79EFBC}") = "MayorMenorMatriz", "MayorMenorMatriz\MayorMenorMatriz.csproj", "{3E640CBD-6139-4A16-9445-498BC35CFB31}"
EndProject
Global
	GlobalSection(SolutionConfigurationPlatforms) = preSolution
		Debug|Any CPU = Debug|Any CPU
		Release|Any CPU = Release|Any CPU
	EndGlobalSection
	GlobalSection(ProjectConfigurationPlatforms) = postSolution
		{3E640CBD-6139-4A16-9445-498BC35CFB31}.Debug|Any CPU.ActiveCfg = Debug|Any CPU
		{3E640CBD-6139-4A16-9445-498BC35CFB31}.Debug|Any CPU.Build.0 = Debug|Any CPU
		{3E640CBD-6139-4A16-9445-498BC35CFB31}.Release|Any CPU.ActiveCfg = Release|Any CPU
		{3E640CBD-6139-4A16-9445-498BC35CFB31}.Release|Any CPU.Build.0 = Release|Any CPU
	EndGlobalSection
	GlobalSection(SolutionProperties) = preSolution
		HideSolutionNode = FALSE
	EndGlobalSection
	GlobalSection(ExtensibilityGlobals) = postSolution
		SolutionGuid = {371468A8-F10C-4C53-9362-FA0CB121D10F}
	EndGlobalSection
EndGlobal
